{
  "version": "2",
  "remote": {
    "https://cdn.skypack.dev/-/sinon@v14.0.0-CyrxAF9CJh9hOOnbtvbz/dist=es2019,mode=imports/optimized/sinon.js": "2f76d4108a756f812f8378005cffeddc118036986f45bf5ecf61cdd7a5662e28",
    "https://cdn.skypack.dev/sinon@v14.0.0": "648d7680e355050c96c3324e900830048390d349070e90be4fc9eb9d347b5e67",
    "https://deno.land/std@0.175.0/_util/asserts.ts": "178dfc49a464aee693a7e285567b3d0b555dc805ff490505a8aae34f9cfb1462",
    "https://deno.land/std@0.175.0/bytes/concat.ts": "d26d6f3d7922e6d663dacfcd357563b7bf4a380ce5b9c2bbe0c8586662f25ce2",
    "https://deno.land/std@0.175.0/uuid/_common.ts": "cb1441f4df460571fc0919e1c5c217f3e7006189b703caf946604b3f791ae34d",
    "https://deno.land/std@0.175.0/uuid/mod.ts": "cd4da71beaa7ebfaa575ecb42e24e792559b65d8927e612c13b6ac5d1306f8bb",
    "https://deno.land/std@0.175.0/uuid/v1.ts": "fe36009afce7ced96e1b5928565e12c5a8eb0df1a2b5063c0a72bda6b75c0de5",
    "https://deno.land/std@0.175.0/uuid/v4.ts": "0f081880c156fd59b9e44e2f84ea0f94a3627e89c224eaf6cc982b53d849f37e",
    "https://deno.land/std@0.175.0/uuid/v5.ts": "10558a9c09a06b86fef9e61205180b9585ec4fe3fed7d696e675b8e118f74e8e",
    "https://deno.land/std@0.177.0/_util/asserts.ts": "178dfc49a464aee693a7e285567b3d0b555dc805ff490505a8aae34f9cfb1462",
    "https://deno.land/std@0.177.0/bytes/bytes_list.ts": "b4cbdfd2c263a13e8a904b12d082f6177ea97d9297274a4be134e989450dfa6a",
    "https://deno.land/std@0.177.0/bytes/concat.ts": "d26d6f3d7922e6d663dacfcd357563b7bf4a380ce5b9c2bbe0c8586662f25ce2",
    "https://deno.land/std@0.177.0/bytes/copy.ts": "939d89e302a9761dcf1d9c937c7711174ed74c59eef40a1e4569a05c9de88219",
    "https://deno.land/std@0.177.0/datetime/to_imf.ts": "851d072a1c86c7ec34c753e61b1951ceda50c9da805b170a0ecaea3b024dd266",
    "https://deno.land/std@0.177.0/fmt/colors.ts": "938c5d44d889fb82eff6c358bea8baa7e85950a16c9f6dae3ec3a7a729164471",
    "https://deno.land/std@0.177.0/http/cookie.ts": "4afa70654aee951b1b5a82b8939566843bf6eea605a961c7abc8e9705afd0a20",
    "https://deno.land/std@0.177.0/io/buf_reader.ts": "90a7adcb3638d8e1361695cdf844d58bcd97c41711dc6f9f8acc0626ebe097f5",
    "https://deno.land/std@0.177.0/io/buf_writer.ts": "759c69d304b04d2909976f2a03a24a107276fbd81ed13593c5c2d43d104b52f3",
    "https://deno.land/std@0.177.0/io/buffer.ts": "e2b7564f684dad625cab08f5106f33572d325705d19a36822b3272fbdfb8f726",
    "https://deno.land/std@0.177.0/io/copy_n.ts": "c498021ce291576a68b5bae9f9d3a27f97644f4af6c1047fb1cff054af19e436",
    "https://deno.land/std@0.177.0/io/limited_reader.ts": "d709b5b3113d4cbf934415ba242596e0ecb130e8868fb47197217e09dbb59558",
    "https://deno.land/std@0.177.0/io/mod.ts": "2665bcccc1fd6e8627cca167c3e92aaecbd9897556b6f69e6d258070ef63fd9b",
    "https://deno.land/std@0.177.0/io/multi_reader.ts": "5f7ef6e987486322b38c72e206b8fbc8916d55a87fbcdc97a8b2596386c28d44",
    "https://deno.land/std@0.177.0/io/read_delim.ts": "7e102c66f00a118fa1e1ccd4abb080496f43766686907fd8b9522fdf85443586",
    "https://deno.land/std@0.177.0/io/read_int.ts": "7cb8bcdfaf1107586c3bacc583d11c64c060196cb070bb13ae8c2061404f911f",
    "https://deno.land/std@0.177.0/io/read_lines.ts": "baee9e35034f2fdfccf63bc24b7e3cb45aa1c1c5de26d178f7bcbc572e87772f",
    "https://deno.land/std@0.177.0/io/read_long.ts": "f0aaa420e3da1261c5d33c5e729f09922f3d9fa49f046258d4ff7a00d800c71e",
    "https://deno.land/std@0.177.0/io/read_range.ts": "28152daf32e43dd9f7d41d8466852b0d18ad766cd5c4334c91fef6e1b3a74eb5",
    "https://deno.land/std@0.177.0/io/read_short.ts": "805cb329574b850b84bf14a92c052c59b5977a492cd780c41df8ad40826c1a20",
    "https://deno.land/std@0.177.0/io/read_string_delim.ts": "46eb0c9db3547caf8c759631effa200bbe48924f9b34f41edc627bde36cee52d",
    "https://deno.land/std@0.177.0/io/slice_long_to_bytes.ts": "b096472afa3a0dd90fa84584dde7706ed29fc16d48009a581c49368f09fe70f4",
    "https://deno.land/std@0.177.0/io/string_reader.ts": "ad9cbecb8509732afcf3d73bb72fa551ec0ccc34f9b8127826247f0190753a65",
    "https://deno.land/std@0.177.0/io/string_writer.ts": "8a03c5858c24965a54c6538bed15f32a7c72f5704a12bda56f83a40e28e5433e",
    "https://deno.land/std@0.177.0/streams/_common.ts": "f45cba84f0d813de3326466095539602364a9ba521f804cc758f7a475cda692d",
    "https://deno.land/std@0.177.0/streams/readable_stream_from_reader.ts": "9aceaeefa9e04b08f56b2d07272baedc3b6432840b66198d72fa2ada3e6608ea",
    "https://deno.land/std@0.177.0/testing/_diff.ts": "1a3c044aedf77647d6cac86b798c6417603361b66b54c53331b312caeb447aea",
    "https://deno.land/std@0.177.0/testing/_format.ts": "a69126e8a469009adf4cf2a50af889aca364c349797e63174884a52ff75cf4c7",
    "https://deno.land/std@0.177.0/testing/asserts.ts": "984ab0bfb3faeed92ffaa3a6b06536c66811185328c5dd146257c702c41b01ab",
    "https://deno.land/std@0.177.0/types.d.ts": "220ed56662a0bd393ba5d124aa6ae2ad36a00d2fcbc0e8666a65f4606aaa9784",
    "https://deno.land/std@v0.177.0/async/abortable.ts": "73acfb3ed7261ce0d930dbe89e43db8d34e017b063cf0eaa7d215477bf53442e",
    "https://deno.land/std@v0.177.0/async/deadline.ts": "c5facb0b404eede83e38bd2717ea8ab34faa2ffb20ef87fd261fcba32ba307aa",
    "https://deno.land/std@v0.177.0/async/debounce.ts": "adab11d04ca38d699444ac8a9d9856b4155e8dda2afd07ce78276c01ea5a4332",
    "https://deno.land/std@v0.177.0/async/deferred.ts": "42790112f36a75a57db4a96d33974a936deb7b04d25c6084a9fa8a49f135def8",
    "https://deno.land/std@v0.177.0/async/delay.ts": "73aa04cec034c84fc748c7be49bb15cac3dd43a57174bfdb7a4aec22c248f0dd",
    "https://deno.land/std@v0.177.0/async/mod.ts": "f04344fa21738e5ad6bea37a6bfffd57c617c2d372bb9f9dcfd118a1b622e576",
    "https://deno.land/std@v0.177.0/async/mux_async_iterator.ts": "70c7f2ee4e9466161350473ad61cac0b9f115cff4c552eaa7ef9d50c4cbb4cc9",
    "https://deno.land/std@v0.177.0/async/pool.ts": "fd082bd4aaf26445909889435a5c74334c017847842ec035739b4ae637ae8260",
    "https://deno.land/std@v0.177.0/async/retry.ts": "5efa3ba450ac0c07a40a82e2df296287b5013755d232049efd7ea2244f15b20f",
    "https://deno.land/std@v0.177.0/async/tee.ts": "47e42d35f622650b02234d43803d0383a89eb4387e1b83b5a40106d18ae36757",
    "https://deno.land/std@v0.177.0/http/server.ts": "cbb17b594651215ba95c01a395700684e569c165a567e4e04bba327f41197433",
    "https://deno.land/x/reno@v2.0.81/deps.ts": "bd189e07b6900abaa87a6d25783ff0c76882d97fa37ff5a0c96328f945456071",
    "https://deno.land/x/reno@v2.0.81/reno/builtins.ts": "461b4b4ae75becfce960adf41fe7c930dcc6c943a1cbd3098b108559131d574a",
    "https://deno.land/x/reno@v2.0.81/reno/cookies.ts": "8150c66bbf8ec7cb224795bee4802a8ee758358c1298a8a13df9006d35c26311",
    "https://deno.land/x/reno@v2.0.81/reno/formethod.ts": "f4346ba59c73e0b8e6fd8f34adbba103423496932dbe00c5c917a1b7d9106348",
    "https://deno.land/x/reno@v2.0.81/reno/mod.ts": "b04b2a262a7b7e756f64c7517c1812cae0a1b83b3f732290a32d00d4c4651765",
    "https://deno.land/x/reno@v2.0.81/reno/pathparser.ts": "ae7b329ece46e3b4fb5905a1bb9506074943c365d34cb987cc64f795121d1c53",
    "https://deno.land/x/reno@v2.0.81/reno/router.ts": "3b996fa5bed4121674b9565e069eb9b1768bd305ad32d3f0d19d4a5c34c420b6",
    "https://deno.land/x/reno@v2.0.81/reno/testing.ts": "547bf92e4aaf586fa1deb0cdc16a696122a3c14c032679f5abf845855c98e1d0"
  }
}
